
Microsoft Visual Studio Solution File, Format Version 12.00
# Visual Studio Version 17
VisualStudioVersion = 17.4.33213.308
MinimumVisualStudioVersion = 10.0.40219.1
Project("{FAE04EC0-301F-11D3-BF4B-00C04F79EFBC}") = "Functions", "Functions\Functions.csproj", "{2FCBA1EB-106C-4B29-A9D8-9177E23E5A82}"
EndProject
Global
	GlobalSection(SolutionConfigurationPlatforms) = preSolution
		Debug|Any CPU = Debug|Any CPU
		Release|Any CPU = Release|Any CPU
	EndGlobalSection
	GlobalSection(ProjectConfigurationPlatforms) = postSolution
		{2FCBA1EB-106C-4B29-A9D8-9177E23E5A82}.Debug|Any CPU.ActiveCfg = Debug|Any CPU
		{2FCBA1EB-106C-4B29-A9D8-9177E23E5A82}.Debug|Any CPU.Build.0 = Debug|Any CPU
		{2FCBA1EB-106C-4B29-A9D8-9177E23E5A82}.Release|Any CPU.ActiveCfg = Release|Any CPU
		{2FCBA1EB-106C-4B29-A9D8-9177E23E5A82}.Release|Any CPU.Build.0 = Release|Any CPU
	EndGlobalSection
	GlobalSection(SolutionProperties) = preSolution
		HideSolutionNode = FALSE
	EndGlobalSection
	GlobalSection(ExtensibilityGlobals) = postSolution
		SolutionGuid = {EA2D3F62-6B12-468F-A87B-4AC3E7CCE8C5}
	EndGlobalSection
EndGlobal
