
Microsoft Visual Studio Solution File, Format Version 12.00
# Visual Studio Version 17
VisualStudioVersion = 17.4.33213.308
MinimumVisualStudioVersion = 10.0.40219.1
Project("{FAE04EC0-301F-11D3-BF4B-00C04F79EFBC}") = "Time", "Time\Time.csproj", "{7A3DDF9E-05CC-4416-AE56-16F10162687E}"
EndProject
Global
	GlobalSection(SolutionConfigurationPlatforms) = preSolution
		Debug|Any CPU = Debug|Any CPU
		Release|Any CPU = Release|Any CPU
	EndGlobalSection
	GlobalSection(ProjectConfigurationPlatforms) = postSolution
		{7A3DDF9E-05CC-4416-AE56-16F10162687E}.Debug|Any CPU.ActiveCfg = Debug|Any CPU
		{7A3DDF9E-05CC-4416-AE56-16F10162687E}.Debug|Any CPU.Build.0 = Debug|Any CPU
		{7A3DDF9E-05CC-4416-AE56-16F10162687E}.Release|Any CPU.ActiveCfg = Release|Any CPU
		{7A3DDF9E-05CC-4416-AE56-16F10162687E}.Release|Any CPU.Build.0 = Release|Any CPU
	EndGlobalSection
	GlobalSection(SolutionProperties) = preSolution
		HideSolutionNode = FALSE
	EndGlobalSection
	GlobalSection(ExtensibilityGlobals) = postSolution
		SolutionGuid = {E999AB92-FDB6-4C86-BE6B-4D4532B0C797}
	EndGlobalSection
EndGlobal
